
Microsoft Visual Studio Solution File, Format Version 12.00
# Visual Studio Version 16
VisualStudioVersion = 16.0.31005.135
MinimumVisualStudioVersion = 10.0.40219.1
Project("{FAE04EC0-301F-11D3-BF4B-00C04F79EFBC}") = "ExcelExport", "ExcelExport\ExcelExport.csproj", "{3AB4BB67-1659-4C12-983A-BC4ADC3E0222}"
EndProject
Global
	GlobalSection(SolutionConfigurationPlatforms) = preSolution
		Debug|Any CPU = Debug|Any CPU
		Release|Any CPU = Release|Any CPU
	EndGlobalSection
	GlobalSection(ProjectConfigurationPlatforms) = postSolution
		{3AB4BB67-1659-4C12-983A-BC4ADC3E0222}.Debug|Any CPU.ActiveCfg = Debug|Any CPU
		{3AB4BB67-1659-4C12-983A-BC4ADC3E0222}.Debug|Any CPU.Build.0 = Debug|Any CPU
		{3AB4BB67-1659-4C12-983A-BC4ADC3E0222}.Release|Any CPU.ActiveCfg = Release|Any CPU
		{3AB4BB67-1659-4C12-983A-BC4ADC3E0222}.Release|Any CPU.Build.0 = Release|Any CPU
	EndGlobalSection
	GlobalSection(SolutionProperties) = preSolution
		HideSolutionNode = FALSE
	EndGlobalSection
	GlobalSection(ExtensibilityGlobals) = postSolution
		SolutionGuid = {9E3C1AEE-30E7-4313-B6B3-226D6F790214}
	EndGlobalSection
EndGlobal
