
Microsoft Visual Studio Solution File, Format Version 12.00
# Visual Studio Version 16
VisualStudioVersion = 16.0.31005.135
MinimumVisualStudioVersion = 10.0.40219.1
Project("{FAE04EC0-301F-11D3-BF4B-00C04F79EFBC}") = "week10", "week10\week10.csproj", "{C7C49A91-5661-4944-A802-AD9AFBAF94DC}"
EndProject
Project("{2150E333-8FDC-42A3-9474-1A3956D46DE8}") = "Solution Items", "Solution Items", "{6F2F49DE-B520-4CCF-9670-C8A35F4931BB}"
	ProjectSection(SolutionItems) = preProject
		.editorconfig = .editorconfig
	EndProjectSection
EndProject
Global
	GlobalSection(SolutionConfigurationPlatforms) = preSolution
		Debug|Any CPU = Debug|Any CPU
		Release|Any CPU = Release|Any CPU
	EndGlobalSection
	GlobalSection(ProjectConfigurationPlatforms) = postSolution
		{C7C49A91-5661-4944-A802-AD9AFBAF94DC}.Debug|Any CPU.ActiveCfg = Debug|Any CPU
		{C7C49A91-5661-4944-A802-AD9AFBAF94DC}.Debug|Any CPU.Build.0 = Debug|Any CPU
		{C7C49A91-5661-4944-A802-AD9AFBAF94DC}.Release|Any CPU.ActiveCfg = Release|Any CPU
		{C7C49A91-5661-4944-A802-AD9AFBAF94DC}.Release|Any CPU.Build.0 = Release|Any CPU
	EndGlobalSection
	GlobalSection(SolutionProperties) = preSolution
		HideSolutionNode = FALSE
	EndGlobalSection
	GlobalSection(ExtensibilityGlobals) = postSolution
		SolutionGuid = {7A3FDA23-9FED-4B16-B32F-13E2BD79B495}
	EndGlobalSection
EndGlobal
